// !$*UTF8*$!
{
	archiveVersion = 1;
	classes = {
	};
	objectVersion = 56;
	objects = {

/* Begin PBXBuildFile section */
		9945A6C229B9D9F300AE057F /* AppDelegate.swift in Sources */ = {isa = PBXBuildFile; fileRef = 9945A6C129B9D9F300AE057F /* AppDelegate.swift */; };
		9945A6C429B9D9F300AE057F /* SceneDelegate.swift in Sources */ = {isa = PBXBuildFile; fileRef = 9945A6C329B9D9F300AE057F /* SceneDelegate.swift */; };
		9945A6C629B9D9F300AE057F /* RMTabBarViewController.swift in Sources */ = {isa = PBXBuildFile; fileRef = 9945A6C529B9D9F300AE057F /* RMTabBarViewController.swift */; };
		9945A6CB29B9D9F400AE057F /* Assets.xcassets in Resources */ = {isa = PBXBuildFile; fileRef = 9945A6CA29B9D9F400AE057F /* Assets.xcassets */; };
		9945A6CE29B9D9F400AE057F /* LaunchScreen.storyboard in Resources */ = {isa = PBXBuildFile; fileRef = 9945A6CC29B9D9F400AE057F /* LaunchScreen.storyboard */; };
		9945A6DD29B9DCE400AE057F /* RMLocation.swift in Sources */ = {isa = PBXBuildFile; fileRef = 9945A6DC29B9DCE400AE057F /* RMLocation.swift */; };
		9945A6DF29B9DCF700AE057F /* RMCharacter.swift in Sources */ = {isa = PBXBuildFile; fileRef = 9945A6DE29B9DCF700AE057F /* RMCharacter.swift */; };
		9945A6E129B9DD0800AE057F /* RMEpisode.swift in Sources */ = {isa = PBXBuildFile; fileRef = 9945A6E029B9DD0800AE057F /* RMEpisode.swift */; };
		9945A6E429B9DDA600AE057F /* RMCharacterViewController.swift in Sources */ = {isa = PBXBuildFile; fileRef = 9945A6E329B9DDA600AE057F /* RMCharacterViewController.swift */; };
		9945A6E629B9DDB900AE057F /* RMLocationViewController.swift in Sources */ = {isa = PBXBuildFile; fileRef = 9945A6E529B9DDB900AE057F /* RMLocationViewController.swift */; };
		9945A6E829B9DDCD00AE057F /* RMEpisodeViewController.swift in Sources */ = {isa = PBXBuildFile; fileRef = 9945A6E729B9DDCD00AE057F /* RMEpisodeViewController.swift */; };
		9945A6EA29B9DDDE00AE057F /* RMSettingsViewController.swift in Sources */ = {isa = PBXBuildFile; fileRef = 9945A6E929B9DDDE00AE057F /* RMSettingsViewController.swift */; };
		9945A6EC29B9E9C400AE057F /* RMService.swift in Sources */ = {isa = PBXBuildFile; fileRef = 9945A6EB29B9E9C400AE057F /* RMService.swift */; };
		9945A6EE29B9E9E200AE057F /* RMRequest.swift in Sources */ = {isa = PBXBuildFile; fileRef = 9945A6ED29B9E9E200AE057F /* RMRequest.swift */; };
		9945A6F029B9EABC00AE057F /* RMEndpoint.swift in Sources */ = {isa = PBXBuildFile; fileRef = 9945A6EF29B9EABC00AE057F /* RMEndpoint.swift */; };
		9945A6F229B9F52200AE057F /* RMOrigin.swift in Sources */ = {isa = PBXBuildFile; fileRef = 9945A6F129B9F52200AE057F /* RMOrigin.swift */; };
		9945A6F429B9F58D00AE057F /* RMSingleLocation.swift in Sources */ = {isa = PBXBuildFile; fileRef = 9945A6F329B9F58D00AE057F /* RMSingleLocation.swift */; };
		9945A6F629B9F69900AE057F /* RMCharacterStatus.swift in Sources */ = {isa = PBXBuildFile; fileRef = 9945A6F529B9F69900AE057F /* RMCharacterStatus.swift */; };
		9945A6F829B9F77E00AE057F /* RMCharacterGender.swift in Sources */ = {isa = PBXBuildFile; fileRef = 9945A6F729B9F77E00AE057F /* RMCharacterGender.swift */; };
		9945A6FC29BA0CF900AE057F /* RMGetAllCharactersResponse.swift in Sources */ = {isa = PBXBuildFile; fileRef = 9945A6FB29BA0CF900AE057F /* RMGetAllCharactersResponse.swift */; };
/* End PBXBuildFile section */

/* Begin PBXFileReference section */
		9945A6BE29B9D9F300AE057F /* RickAndMorty.app */ = {isa = PBXFileReference; explicitFileType = wrapper.application; includeInIndex = 0; path = RickAndMorty.app; sourceTree = BUILT_PRODUCTS_DIR; };
		9945A6C129B9D9F300AE057F /* AppDelegate.swift */ = {isa = PBXFileReference; lastKnownFileType = sourcecode.swift; path = AppDelegate.swift; sourceTree = "<group>"; };
		9945A6C329B9D9F300AE057F /* SceneDelegate.swift */ = {isa = PBXFileReference; lastKnownFileType = sourcecode.swift; path = SceneDelegate.swift; sourceTree = "<group>"; };
		9945A6C529B9D9F300AE057F /* RMTabBarViewController.swift */ = {isa = PBXFileReference; lastKnownFileType = sourcecode.swift; path = RMTabBarViewController.swift; sourceTree = "<group>"; };
		9945A6CA29B9D9F400AE057F /* Assets.xcassets */ = {isa = PBXFileReference; lastKnownFileType = folder.assetcatalog; path = Assets.xcassets; sourceTree = "<group>"; };
		9945A6CD29B9D9F400AE057F /* Base */ = {isa = PBXFileReference; lastKnownFileType = file.storyboard; name = Base; path = Base.lproj/LaunchScreen.storyboard; sourceTree = "<group>"; };
		9945A6CF29B9D9F400AE057F /* Info.plist */ = {isa = PBXFileReference; lastKnownFileType = text.plist.xml; path = Info.plist; sourceTree = "<group>"; };
		9945A6DC29B9DCE400AE057F /* RMLocation.swift */ = {isa = PBXFileReference; lastKnownFileType = sourcecode.swift; path = RMLocation.swift; sourceTree = "<group>"; };
		9945A6DE29B9DCF700AE057F /* RMCharacter.swift */ = {isa = PBXFileReference; lastKnownFileType = sourcecode.swift; path = RMCharacter.swift; sourceTree = "<group>"; };
		9945A6E029B9DD0800AE057F /* RMEpisode.swift */ = {isa = PBXFileReference; lastKnownFileType = sourcecode.swift; path = RMEpisode.swift; sourceTree = "<group>"; };
		9945A6E329B9DDA600AE057F /* RMCharacterViewController.swift */ = {isa = PBXFileReference; lastKnownFileType = sourcecode.swift; path = RMCharacterViewController.swift; sourceTree = "<group>"; };
		9945A6E529B9DDB900AE057F /* RMLocationViewController.swift */ = {isa = PBXFileReference; lastKnownFileType = sourcecode.swift; path = RMLocationViewController.swift; sourceTree = "<group>"; };
		9945A6E729B9DDCD00AE057F /* RMEpisodeViewController.swift */ = {isa = PBXFileReference; lastKnownFileType = sourcecode.swift; path = RMEpisodeViewController.swift; sourceTree = "<group>"; };
		9945A6E929B9DDDE00AE057F /* RMSettingsViewController.swift */ = {isa = PBXFileReference; lastKnownFileType = sourcecode.swift; path = RMSettingsViewController.swift; sourceTree = "<group>"; };
		9945A6EB29B9E9C400AE057F /* RMService.swift */ = {isa = PBXFileReference; lastKnownFileType = sourcecode.swift; path = RMService.swift; sourceTree = "<group>"; };
		9945A6ED29B9E9E200AE057F /* RMRequest.swift */ = {isa = PBXFileReference; lastKnownFileType = sourcecode.swift; path = RMRequest.swift; sourceTree = "<group>"; };
		9945A6EF29B9EABC00AE057F /* RMEndpoint.swift */ = {isa = PBXFileReference; lastKnownFileType = sourcecode.swift; path = RMEndpoint.swift; sourceTree = "<group>"; };
		9945A6F129B9F52200AE057F /* RMOrigin.swift */ = {isa = PBXFileReference; lastKnownFileType = sourcecode.swift; path = RMOrigin.swift; sourceTree = "<group>"; };
		9945A6F329B9F58D00AE057F /* RMSingleLocation.swift */ = {isa = PBXFileReference; lastKnownFileType = sourcecode.swift; path = RMSingleLocation.swift; sourceTree = "<group>"; };
		9945A6F529B9F69900AE057F /* RMCharacterStatus.swift */ = {isa = PBXFileReference; lastKnownFileType = sourcecode.swift; path = RMCharacterStatus.swift; sourceTree = "<group>"; };
		9945A6F729B9F77E00AE057F /* RMCharacterGender.swift */ = {isa = PBXFileReference; lastKnownFileType = sourcecode.swift; path = RMCharacterGender.swift; sourceTree = "<group>"; };
		9945A6FB29BA0CF900AE057F /* RMGetAllCharactersResponse.swift */ = {isa = PBXFileReference; lastKnownFileType = sourcecode.swift; path = RMGetAllCharactersResponse.swift; sourceTree = "<group>"; };
/* End PBXFileReference section */

/* Begin PBXFrameworksBuildPhase section */
		9945A6BB29B9D9F300AE057F /* Frameworks */ = {
			isa = PBXFrameworksBuildPhase;
			buildActionMask = 2147483647;
			files = (
			);
			runOnlyForDeploymentPostprocessing = 0;
		};
/* End PBXFrameworksBuildPhase section */

/* Begin PBXGroup section */
		9945A6B529B9D9F300AE057F = {
			isa = PBXGroup;
			children = (
				9945A6C029B9D9F300AE057F /* RickAndMorty */,
				9945A6BF29B9D9F300AE057F /* Products */,
			);
			sourceTree = "<group>";
		};
		9945A6BF29B9D9F300AE057F /* Products */ = {
			isa = PBXGroup;
			children = (
				9945A6BE29B9D9F300AE057F /* RickAndMorty.app */,
			);
			name = Products;
			sourceTree = "<group>";
		};
		9945A6C029B9D9F300AE057F /* RickAndMorty */ = {
			isa = PBXGroup;
			children = (
				9945A6DB29B9DC4600AE057F /* Resources */,
				9945A6DA29B9DC3700AE057F /* Managers */,
				9945A6D929B9DC2800AE057F /* APIClient */,
				9945A6D829B9DC1D00AE057F /* ViewModels */,
				9945A6D729B9DC1400AE057F /* Views */,
				9945A6D629B9DC0700AE057F /* Models */,
				9945A6D529B9DBF600AE057F /* Controllers */,
				9945A6CF29B9D9F400AE057F /* Info.plist */,
			);
			path = RickAndMorty;
			sourceTree = "<group>";
		};
		9945A6D529B9DBF600AE057F /* Controllers */ = {
			isa = PBXGroup;
			children = (
				9945A6E229B9DD7300AE057F /* Core */,
			);
			path = Controllers;
			sourceTree = "<group>";
		};
		9945A6D629B9DC0700AE057F /* Models */ = {
			isa = PBXGroup;
			children = (
				9945A6FA29BA0CC700AE057F /* APIResponseTypes */,
				9945A6F929BA0CB300AE057F /* DataTypes */,
			);
			path = Models;
			sourceTree = "<group>";
		};
		9945A6D729B9DC1400AE057F /* Views */ = {
			isa = PBXGroup;
			children = (
			);
			path = Views;
			sourceTree = "<group>";
		};
		9945A6D829B9DC1D00AE057F /* ViewModels */ = {
			isa = PBXGroup;
			children = (
			);
			path = ViewModels;
			sourceTree = "<group>";
		};
		9945A6D929B9DC2800AE057F /* APIClient */ = {
			isa = PBXGroup;
			children = (
				9945A6EB29B9E9C400AE057F /* RMService.swift */,
				9945A6ED29B9E9E200AE057F /* RMRequest.swift */,
				9945A6EF29B9EABC00AE057F /* RMEndpoint.swift */,
			);
			path = APIClient;
			sourceTree = "<group>";
		};
		9945A6DA29B9DC3700AE057F /* Managers */ = {
			isa = PBXGroup;
			children = (
			);
			path = Managers;
			sourceTree = "<group>";
		};
		9945A6DB29B9DC4600AE057F /* Resources */ = {
			isa = PBXGroup;
			children = (
				9945A6CA29B9D9F400AE057F /* Assets.xcassets */,
				9945A6CC29B9D9F400AE057F /* LaunchScreen.storyboard */,
				9945A6C129B9D9F300AE057F /* AppDelegate.swift */,
				9945A6C329B9D9F300AE057F /* SceneDelegate.swift */,
			);
			path = Resources;
			sourceTree = "<group>";
		};
		9945A6E229B9DD7300AE057F /* Core */ = {
			isa = PBXGroup;
			children = (
				9945A6C529B9D9F300AE057F /* RMTabBarViewController.swift */,
				9945A6E329B9DDA600AE057F /* RMCharacterViewController.swift */,
				9945A6E529B9DDB900AE057F /* RMLocationViewController.swift */,
				9945A6E729B9DDCD00AE057F /* RMEpisodeViewController.swift */,
				9945A6E929B9DDDE00AE057F /* RMSettingsViewController.swift */,
			);
			path = Core;
			sourceTree = "<group>";
		};
		9945A6F929BA0CB300AE057F /* DataTypes */ = {
			isa = PBXGroup;
			children = (
				9945A6DC29B9DCE400AE057F /* RMLocation.swift */,
				9945A6DE29B9DCF700AE057F /* RMCharacter.swift */,
				9945A6E029B9DD0800AE057F /* RMEpisode.swift */,
				9945A6F129B9F52200AE057F /* RMOrigin.swift */,
				9945A6F329B9F58D00AE057F /* RMSingleLocation.swift */,
				9945A6F529B9F69900AE057F /* RMCharacterStatus.swift */,
				9945A6F729B9F77E00AE057F /* RMCharacterGender.swift */,
			);
			path = DataTypes;
			sourceTree = "<group>";
		};
		9945A6FA29BA0CC700AE057F /* APIResponseTypes */ = {
			isa = PBXGroup;
			children = (
				9945A6FB29BA0CF900AE057F /* RMGetAllCharactersResponse.swift */,
			);
			path = APIResponseTypes;
			sourceTree = "<group>";
		};
/* End PBXGroup section */

/* Begin PBXNativeTarget section */
		9945A6BD29B9D9F300AE057F /* RickAndMorty */ = {
			isa = PBXNativeTarget;
			buildConfigurationList = 9945A6D229B9D9F400AE057F /* Build configuration list for PBXNativeTarget "RickAndMorty" */;
			buildPhases = (
				9945A6BA29B9D9F300AE057F /* Sources */,
				9945A6BB29B9D9F300AE057F /* Frameworks */,
				9945A6BC29B9D9F300AE057F /* Resources */,
			);
			buildRules = (
			);
			dependencies = (
			);
			name = RickAndMorty;
			productName = RickAndMorty;
			productReference = 9945A6BE29B9D9F300AE057F /* RickAndMorty.app */;
			productType = "com.apple.product-type.application";
		};
/* End PBXNativeTarget section */

/* Begin PBXProject section */
		9945A6B629B9D9F300AE057F /* Project object */ = {
			isa = PBXProject;
			attributes = {
				BuildIndependentTargetsInParallel = 1;
				LastSwiftUpdateCheck = 1420;
				LastUpgradeCheck = 1420;
				TargetAttributes = {
					9945A6BD29B9D9F300AE057F = {
						CreatedOnToolsVersion = 14.2;
					};
				};
			};
			buildConfigurationList = 9945A6B929B9D9F300AE057F /* Build configuration list for PBXProject "RickAndMorty" */;
			compatibilityVersion = "Xcode 14.0";
			developmentRegion = en;
			hasScannedForEncodings = 0;
			knownRegions = (
				en,
				Base,
			);
			mainGroup = 9945A6B529B9D9F300AE057F;
			productRefGroup = 9945A6BF29B9D9F300AE057F /* Products */;
			projectDirPath = "";
			projectRoot = "";
			targets = (
				9945A6BD29B9D9F300AE057F /* RickAndMorty */,
			);
		};
/* End PBXProject section */

/* Begin PBXResourcesBuildPhase section */
		9945A6BC29B9D9F300AE057F /* Resources */ = {
			isa = PBXResourcesBuildPhase;
			buildActionMask = 2147483647;
			files = (
				9945A6CE29B9D9F400AE057F /* LaunchScreen.storyboard in Resources */,
				9945A6CB29B9D9F400AE057F /* Assets.xcassets in Resources */,
			);
			runOnlyForDeploymentPostprocessing = 0;
		};
/* End PBXResourcesBuildPhase section */

/* Begin PBXSourcesBuildPhase section */
		9945A6BA29B9D9F300AE057F /* Sources */ = {
			isa = PBXSourcesBuildPhase;
			buildActionMask = 2147483647;
			files = (
				9945A6F229B9F52200AE057F /* RMOrigin.swift in Sources */,
				9945A6F429B9F58D00AE057F /* RMSingleLocation.swift in Sources */,
				9945A6FC29BA0CF900AE057F /* RMGetAllCharactersResponse.swift in Sources */,
				9945A6F629B9F69900AE057F /* RMCharacterStatus.swift in Sources */,
				9945A6F829B9F77E00AE057F /* RMCharacterGender.swift in Sources */,
				9945A6E629B9DDB900AE057F /* RMLocationViewController.swift in Sources */,
				9945A6E129B9DD0800AE057F /* RMEpisode.swift in Sources */,
				9945A6C629B9D9F300AE057F /* RMTabBarViewController.swift in Sources */,
				9945A6E829B9DDCD00AE057F /* RMEpisodeViewController.swift in Sources */,
				9945A6C229B9D9F300AE057F /* AppDelegate.swift in Sources */,
				9945A6C429B9D9F300AE057F /* SceneDelegate.swift in Sources */,
				9945A6EA29B9DDDE00AE057F /* RMSettingsViewController.swift in Sources */,
				9945A6EC29B9E9C400AE057F /* RMService.swift in Sources */,
				9945A6DD29B9DCE400AE057F /* RMLocation.swift in Sources */,
				9945A6F029B9EABC00AE057F /* RMEndpoint.swift in Sources */,
				9945A6DF29B9DCF700AE057F /* RMCharacter.swift in Sources */,
				9945A6EE29B9E9E200AE057F /* RMRequest.swift in Sources */,
				9945A6E429B9DDA600AE057F /* RMCharacterViewController.swift in Sources */,
			);
			runOnlyForDeploymentPostprocessing = 0;
		};
/* End PBXSourcesBuildPhase section */

/* Begin PBXVariantGroup section */
		9945A6CC29B9D9F400AE057F /* LaunchScreen.storyboard */ = {
			isa = PBXVariantGroup;
			children = (
				9945A6CD29B9D9F400AE057F /* Base */,
			);
			name = LaunchScreen.storyboard;
			sourceTree = "<group>";
		};
/* End PBXVariantGroup section */

/* Begin XCBuildConfiguration section */
		9945A6D029B9D9F400AE057F /* Debug */ = {
			isa = XCBuildConfiguration;
			buildSettings = {
				ALWAYS_SEARCH_USER_PATHS = NO;
				CLANG_ANALYZER_NONNULL = YES;
				CLANG_ANALYZER_NUMBER_OBJECT_CONVERSION = YES_AGGRESSIVE;
				CLANG_CXX_LANGUAGE_STANDARD = "gnu++20";
				CLANG_ENABLE_MODULES = YES;
				CLANG_ENABLE_OBJC_ARC = YES;
				CLANG_ENABLE_OBJC_WEAK = YES;
				CLANG_WARN_BLOCK_CAPTURE_AUTORELEASING = YES;
				CLANG_WARN_BOOL_CONVERSION = YES;
				CLANG_WARN_COMMA = YES;
				CLANG_WARN_CONSTANT_CONVERSION = YES;
				CLANG_WARN_DEPRECATED_OBJC_IMPLEMENTATIONS = YES;
				CLANG_WARN_DIRECT_OBJC_ISA_USAGE = YES_ERROR;
				CLANG_WARN_DOCUMENTATION_COMMENTS = YES;
				CLANG_WARN_EMPTY_BODY = YES;
				CLANG_WARN_ENUM_CONVERSION = YES;
				CLANG_WARN_INFINITE_RECURSION = YES;
				CLANG_WARN_INT_CONVERSION = YES;
				CLANG_WARN_NON_LITERAL_NULL_CONVERSION = YES;
				CLANG_WARN_OBJC_IMPLICIT_RETAIN_SELF = YES;
				CLANG_WARN_OBJC_LITERAL_CONVERSION = YES;
				CLANG_WARN_OBJC_ROOT_CLASS = YES_ERROR;
				CLANG_WARN_QUOTED_INCLUDE_IN_FRAMEWORK_HEADER = YES;
				CLANG_WARN_RANGE_LOOP_ANALYSIS = YES;
				CLANG_WARN_STRICT_PROTOTYPES = YES;
				CLANG_WARN_SUSPICIOUS_MOVE = YES;
				CLANG_WARN_UNGUARDED_AVAILABILITY = YES_AGGRESSIVE;
				CLANG_WARN_UNREACHABLE_CODE = YES;
				CLANG_WARN__DUPLICATE_METHOD_MATCH = YES;
				COPY_PHASE_STRIP = NO;
				DEBUG_INFORMATION_FORMAT = dwarf;
				ENABLE_STRICT_OBJC_MSGSEND = YES;
				ENABLE_TESTABILITY = YES;
				GCC_C_LANGUAGE_STANDARD = gnu11;
				GCC_DYNAMIC_NO_PIC = NO;
				GCC_NO_COMMON_BLOCKS = YES;
				GCC_OPTIMIZATION_LEVEL = 0;
				GCC_PREPROCESSOR_DEFINITIONS = (
					"DEBUG=1",
					"$(inherited)",
				);
				GCC_WARN_64_TO_32_BIT_CONVERSION = YES;
				GCC_WARN_ABOUT_RETURN_TYPE = YES_ERROR;
				GCC_WARN_UNDECLARED_SELECTOR = YES;
				GCC_WARN_UNINITIALIZED_AUTOS = YES_AGGRESSIVE;
				GCC_WARN_UNUSED_FUNCTION = YES;
				GCC_WARN_UNUSED_VARIABLE = YES;
				IPHONEOS_DEPLOYMENT_TARGET = 16.2;
				MTL_ENABLE_DEBUG_INFO = INCLUDE_SOURCE;
				MTL_FAST_MATH = YES;
				ONLY_ACTIVE_ARCH = YES;
				SDKROOT = iphoneos;
				SWIFT_ACTIVE_COMPILATION_CONDITIONS = DEBUG;
				SWIFT_OPTIMIZATION_LEVEL = "-Onone";
			};
			name = Debug;
		};
		9945A6D129B9D9F400AE057F /* Release */ = {
			isa = XCBuildConfiguration;
			buildSettings = {
				ALWAYS_SEARCH_USER_PATHS = NO;
				CLANG_ANALYZER_NONNULL = YES;
				CLANG_ANALYZER_NUMBER_OBJECT_CONVERSION = YES_AGGRESSIVE;
				CLANG_CXX_LANGUAGE_STANDARD = "gnu++20";
				CLANG_ENABLE_MODULES = YES;
				CLANG_ENABLE_OBJC_ARC = YES;
				CLANG_ENABLE_OBJC_WEAK = YES;
				CLANG_WARN_BLOCK_CAPTURE_AUTORELEASING = YES;
				CLANG_WARN_BOOL_CONVERSION = YES;
				CLANG_WARN_COMMA = YES;
				CLANG_WARN_CONSTANT_CONVERSION = YES;
				CLANG_WARN_DEPRECATED_OBJC_IMPLEMENTATIONS = YES;
				CLANG_WARN_DIRECT_OBJC_ISA_USAGE = YES_ERROR;
				CLANG_WARN_DOCUMENTATION_COMMENTS = YES;
				CLANG_WARN_EMPTY_BODY = YES;
				CLANG_WARN_ENUM_CONVERSION = YES;
				CLANG_WARN_INFINITE_RECURSION = YES;
				CLANG_WARN_INT_CONVERSION = YES;
				CLANG_WARN_NON_LITERAL_NULL_CONVERSION = YES;
				CLANG_WARN_OBJC_IMPLICIT_RETAIN_SELF = YES;
				CLANG_WARN_OBJC_LITERAL_CONVERSION = YES;
				CLANG_WARN_OBJC_ROOT_CLASS = YES_ERROR;
				CLANG_WARN_QUOTED_INCLUDE_IN_FRAMEWORK_HEADER = YES;
				CLANG_WARN_RANGE_LOOP_ANALYSIS = YES;
				CLANG_WARN_STRICT_PROTOTYPES = YES;
				CLANG_WARN_SUSPICIOUS_MOVE = YES;
				CLANG_WARN_UNGUARDED_AVAILABILITY = YES_AGGRESSIVE;
				CLANG_WARN_UNREACHABLE_CODE = YES;
				CLANG_WARN__DUPLICATE_METHOD_MATCH = YES;
				COPY_PHASE_STRIP = NO;
				DEBUG_INFORMATION_FORMAT = "dwarf-with-dsym";
				ENABLE_NS_ASSERTIONS = NO;
				ENABLE_STRICT_OBJC_MSGSEND = YES;
				GCC_C_LANGUAGE_STANDARD = gnu11;
				GCC_NO_COMMON_BLOCKS = YES;
				GCC_WARN_64_TO_32_BIT_CONVERSION = YES;
				GCC_WARN_ABOUT_RETURN_TYPE = YES_ERROR;
				GCC_WARN_UNDECLARED_SELECTOR = YES;
				GCC_WARN_UNINITIALIZED_AUTOS = YES_AGGRESSIVE;
				GCC_WARN_UNUSED_FUNCTION = YES;
				GCC_WARN_UNUSED_VARIABLE = YES;
				IPHONEOS_DEPLOYMENT_TARGET = 16.2;
				MTL_ENABLE_DEBUG_INFO = NO;
				MTL_FAST_MATH = YES;
				SDKROOT = iphoneos;
				SWIFT_COMPILATION_MODE = wholemodule;
				SWIFT_OPTIMIZATION_LEVEL = "-O";
				VALIDATE_PRODUCT = YES;
			};
			name = Release;
		};
		9945A6D329B9D9F400AE057F /* Debug */ = {
			isa = XCBuildConfiguration;
			buildSettings = {
				ASSETCATALOG_COMPILER_APPICON_NAME = AppIcon;
				ASSETCATALOG_COMPILER_GLOBAL_ACCENT_COLOR_NAME = AccentColor;
				CODE_SIGN_STYLE = Automatic;
				CURRENT_PROJECT_VERSION = 1;
				GENERATE_INFOPLIST_FILE = YES;
				INFOPLIST_FILE = RickAndMorty/Info.plist;
				INFOPLIST_KEY_UIApplicationSupportsIndirectInputEvents = YES;
				INFOPLIST_KEY_UILaunchStoryboardName = LaunchScreen;
				INFOPLIST_KEY_UISupportedInterfaceOrientations_iPad = "UIInterfaceOrientationPortrait UIInterfaceOrientationPortraitUpsideDown UIInterfaceOrientationLandscapeLeft UIInterfaceOrientationLandscapeRight";
				INFOPLIST_KEY_UISupportedInterfaceOrientations_iPhone = "UIInterfaceOrientationPortrait UIInterfaceOrientationLandscapeLeft UIInterfaceOrientationLandscapeRight";
				LD_RUNPATH_SEARCH_PATHS = (
					"$(inherited)",
					"@executable_path/Frameworks",
				);
				MARKETING_VERSION = 1.0;
				PRODUCT_BUNDLE_IDENTIFIER = Idan.RickAndMorty;
				PRODUCT_NAME = "$(TARGET_NAME)";
				SWIFT_EMIT_LOC_STRINGS = YES;
				SWIFT_VERSION = 5.0;
				TARGETED_DEVICE_FAMILY = "1,2";
			};
			name = Debug;
		};
		9945A6D429B9D9F400AE057F /* Release */ = {
			isa = XCBuildConfiguration;
			buildSettings = {
				ASSETCATALOG_COMPILER_APPICON_NAME = AppIcon;
				ASSETCATALOG_COMPILER_GLOBAL_ACCENT_COLOR_NAME = AccentColor;
				CODE_SIGN_STYLE = Automatic;
				CURRENT_PROJECT_VERSION = 1;
				GENERATE_INFOPLIST_FILE = YES;
				INFOPLIST_FILE = RickAndMorty/Info.plist;
				INFOPLIST_KEY_UIApplicationSupportsIndirectInputEvents = YES;
				INFOPLIST_KEY_UILaunchStoryboardName = LaunchScreen;
				INFOPLIST_KEY_UISupportedInterfaceOrientations_iPad = "UIInterfaceOrientationPortrait UIInterfaceOrientationPortraitUpsideDown UIInterfaceOrientationLandscapeLeft UIInterfaceOrientationLandscapeRight";
				INFOPLIST_KEY_UISupportedInterfaceOrientations_iPhone = "UIInterfaceOrientationPortrait UIInterfaceOrientationLandscapeLeft UIInterfaceOrientationLandscapeRight";
				LD_RUNPATH_SEARCH_PATHS = (
					"$(inherited)",
					"@executable_path/Frameworks",
				);
				MARKETING_VERSION = 1.0;
				PRODUCT_BUNDLE_IDENTIFIER = Idan.RickAndMorty;
				PRODUCT_NAME = "$(TARGET_NAME)";
				SWIFT_EMIT_LOC_STRINGS = YES;
				SWIFT_VERSION = 5.0;
				TARGETED_DEVICE_FAMILY = "1,2";
			};
			name = Release;
		};
/* End XCBuildConfiguration section */

/* Begin XCConfigurationList section */
		9945A6B929B9D9F300AE057F /* Build configuration list for PBXProject "RickAndMorty" */ = {
			isa = XCConfigurationList;
			buildConfigurations = (
				9945A6D029B9D9F400AE057F /* Debug */,
				9945A6D129B9D9F400AE057F /* Release */,
			);
			defaultConfigurationIsVisible = 0;
			defaultConfigurationName = Release;
		};
		9945A6D229B9D9F400AE057F /* Build configuration list for PBXNativeTarget "RickAndMorty" */ = {
			isa = XCConfigurationList;
			buildConfigurations = (
				9945A6D329B9D9F400AE057F /* Debug */,
				9945A6D429B9D9F400AE057F /* Release */,
			);
			defaultConfigurationIsVisible = 0;
			defaultConfigurationName = Release;
		};
/* End XCConfigurationList section */
	};
	rootObject = 9945A6B629B9D9F300AE057F /* Project object */;
}
